
Microsoft Visual Studio Solution File, Format Version 12.00
# Visual Studio 2013
VisualStudioVersion = 12.0.30501.0
MinimumVisualStudioVersion = 10.0.40219.1
Project("{FAE04EC0-301F-11D3-BF4B-00C04F79EFBC}") = "Talon.NET", "Talon.NET\Talon.NET.csproj", "{34888DE9-DED1-4EC1-83A9-CE2C9A5AC7E4}"
EndProject
Project("{FAE04EC0-301F-11D3-BF4B-00C04F79EFBC}") = "Talon.NET.Tests", "Talon.NET.Tests\Talon.NET.Tests.csproj", "{A72EC528-8FBD-4601-896C-69DD361F4FF8}"
EndProject
Global
	GlobalSection(SolutionConfigurationPlatforms) = preSolution
		Debug|Any CPU = Debug|Any CPU
		Release|Any CPU = Release|Any CPU
	EndGlobalSection
	GlobalSection(ProjectConfigurationPlatforms) = postSolution
		{34888DE9-DED1-4EC1-83A9-CE2C9A5AC7E4}.Debug|Any CPU.ActiveCfg = Debug|Any CPU
		{34888DE9-DED1-4EC1-83A9-CE2C9A5AC7E4}.Debug|Any CPU.Build.0 = Debug|Any CPU
		{34888DE9-DED1-4EC1-83A9-CE2C9A5AC7E4}.Release|Any CPU.ActiveCfg = Release|Any CPU
		{34888DE9-DED1-4EC1-83A9-CE2C9A5AC7E4}.Release|Any CPU.Build.0 = Release|Any CPU
		{A72EC528-8FBD-4601-896C-69DD361F4FF8}.Debug|Any CPU.ActiveCfg = Debug|Any CPU
		{A72EC528-8FBD-4601-896C-69DD361F4FF8}.Debug|Any CPU.Build.0 = Debug|Any CPU
		{A72EC528-8FBD-4601-896C-69DD361F4FF8}.Release|Any CPU.ActiveCfg = Release|Any CPU
		{A72EC528-8FBD-4601-896C-69DD361F4FF8}.Release|Any CPU.Build.0 = Release|Any CPU
	EndGlobalSection
	GlobalSection(SolutionProperties) = preSolution
		HideSolutionNode = FALSE
	EndGlobalSection
EndGlobal
